
Microsoft Visual Studio Solution File, Format Version 12.00
# Visual Studio Version 16
VisualStudioVersion = 16.0.31424.327
MinimumVisualStudioVersion = 10.0.40219.1
Project("{FAE04EC0-301F-11D3-BF4B-00C04F79EFBC}") = "FodyAopDemo", "FodyAopDemo\FodyAopDemo.csproj", "{EF6A9394-0E6E-4F04-B0D5-F79EF5EF0EC8}"
EndProject
Project("{FAE04EC0-301F-11D3-BF4B-00C04F79EFBC}") = "TargetLib", "TargetLib\TargetLib.csproj", "{D6F78012-3093-463C-9556-53C118D9C707}"
EndProject
Project("{FAE04EC0-301F-11D3-BF4B-00C04F79EFBC}") = "CN.MACH.AOP.Fody", "CN.MACH.AOP.Fody\CN.MACH.AOP.Fody.csproj", "{FD573BFF-4CF5-4EF4-8339-515209665B0C}"
EndProject
Project("{FAE04EC0-301F-11D3-BF4B-00C04F79EFBC}") = "CN.MACH.Aop.DataTracer", "CN.MACH.Aop.DataTracer\CN.MACH.Aop.DataTracer.csproj", "{292FF6A0-C96D-4C60-AA4A-805F31CCC96E}"
EndProject
Project("{2150E333-8FDC-42A3-9474-1A3956D46DE8}") = "Solution Items", "Solution Items", "{19CA6AC5-E440-4666-88D0-D81A3DCE2EEB}"
	ProjectSection(SolutionItems) = preProject
		.editorconfig = .editorconfig
	EndProjectSection
EndProject
Project("{FAE04EC0-301F-11D3-BF4B-00C04F79EFBC}") = "CN.MACH.AI.UI.Controls.WPF", "CN.MACH.AI.UI.Controls.WPF\CN.MACH.AI.UI.Controls.WPF.csproj", "{E9A35B76-B70E-4072-945E-6850982AB4DF}"
EndProject
Global
	GlobalSection(SolutionConfigurationPlatforms) = preSolution
		Debug|Any CPU = Debug|Any CPU
		Release|Any CPU = Release|Any CPU
	EndGlobalSection
	GlobalSection(ProjectConfigurationPlatforms) = postSolution
		{EF6A9394-0E6E-4F04-B0D5-F79EF5EF0EC8}.Debug|Any CPU.ActiveCfg = Debug|Any CPU
		{EF6A9394-0E6E-4F04-B0D5-F79EF5EF0EC8}.Debug|Any CPU.Build.0 = Debug|Any CPU
		{EF6A9394-0E6E-4F04-B0D5-F79EF5EF0EC8}.Release|Any CPU.ActiveCfg = Release|Any CPU
		{EF6A9394-0E6E-4F04-B0D5-F79EF5EF0EC8}.Release|Any CPU.Build.0 = Release|Any CPU
		{D6F78012-3093-463C-9556-53C118D9C707}.Debug|Any CPU.ActiveCfg = Debug|Any CPU
		{D6F78012-3093-463C-9556-53C118D9C707}.Debug|Any CPU.Build.0 = Debug|Any CPU
		{D6F78012-3093-463C-9556-53C118D9C707}.Release|Any CPU.ActiveCfg = Release|Any CPU
		{D6F78012-3093-463C-9556-53C118D9C707}.Release|Any CPU.Build.0 = Release|Any CPU
		{FD573BFF-4CF5-4EF4-8339-515209665B0C}.Debug|Any CPU.ActiveCfg = Debug|Any CPU
		{FD573BFF-4CF5-4EF4-8339-515209665B0C}.Debug|Any CPU.Build.0 = Debug|Any CPU
		{FD573BFF-4CF5-4EF4-8339-515209665B0C}.Release|Any CPU.ActiveCfg = Release|Any CPU
		{FD573BFF-4CF5-4EF4-8339-515209665B0C}.Release|Any CPU.Build.0 = Release|Any CPU
		{292FF6A0-C96D-4C60-AA4A-805F31CCC96E}.Debug|Any CPU.ActiveCfg = Debug|Any CPU
		{292FF6A0-C96D-4C60-AA4A-805F31CCC96E}.Debug|Any CPU.Build.0 = Debug|Any CPU
		{292FF6A0-C96D-4C60-AA4A-805F31CCC96E}.Release|Any CPU.ActiveCfg = Release|Any CPU
		{292FF6A0-C96D-4C60-AA4A-805F31CCC96E}.Release|Any CPU.Build.0 = Release|Any CPU
		{E9A35B76-B70E-4072-945E-6850982AB4DF}.Debug|Any CPU.ActiveCfg = Debug|Any CPU
		{E9A35B76-B70E-4072-945E-6850982AB4DF}.Debug|Any CPU.Build.0 = Debug|Any CPU
		{E9A35B76-B70E-4072-945E-6850982AB4DF}.Release|Any CPU.ActiveCfg = Release|Any CPU
		{E9A35B76-B70E-4072-945E-6850982AB4DF}.Release|Any CPU.Build.0 = Release|Any CPU
	EndGlobalSection
	GlobalSection(SolutionProperties) = preSolution
		HideSolutionNode = FALSE
	EndGlobalSection
	GlobalSection(ExtensibilityGlobals) = postSolution
		SolutionGuid = {A3F87877-AEF1-4AE0-ABDA-24E870F7CC4A}
	EndGlobalSection
EndGlobal
